
Microsoft Visual Studio Solution File, Format Version 12.00
# Visual Studio Version 16
VisualStudioVersion = 16.0.31205.134
MinimumVisualStudioVersion = 10.0.40219.1
Project("{FAE04EC0-301F-11D3-BF4B-00C04F79EFBC}") = "practic-7", "practic-7\practic-7.csproj", "{8DD9DBDA-3E63-43E8-ACF6-FADAB09FA846}"
EndProject
Global
	GlobalSection(SolutionConfigurationPlatforms) = preSolution
		Debug|Any CPU = Debug|Any CPU
		Release|Any CPU = Release|Any CPU
	EndGlobalSection
	GlobalSection(ProjectConfigurationPlatforms) = postSolution
		{8DD9DBDA-3E63-43E8-ACF6-FADAB09FA846}.Debug|Any CPU.ActiveCfg = Debug|Any CPU
		{8DD9DBDA-3E63-43E8-ACF6-FADAB09FA846}.Debug|Any CPU.Build.0 = Debug|Any CPU
		{8DD9DBDA-3E63-43E8-ACF6-FADAB09FA846}.Release|Any CPU.ActiveCfg = Release|Any CPU
		{8DD9DBDA-3E63-43E8-ACF6-FADAB09FA846}.Release|Any CPU.Build.0 = Release|Any CPU
	EndGlobalSection
	GlobalSection(SolutionProperties) = preSolution
		HideSolutionNode = FALSE
	EndGlobalSection
	GlobalSection(ExtensibilityGlobals) = postSolution
		SolutionGuid = {C1702E55-F86B-47F6-A13D-A241650291C0}
	EndGlobalSection
EndGlobal
